// !$*UTF8*$!
{
	archiveVersion = 1;
	classes = {
	};
	objectVersion = 56;
	objects = {

/* Begin PBXBuildFile section */
		8136AA2B29E9DF76003B71C9 /* Joke.swift in Sources */ = {isa = PBXBuildFile; fileRef = 8136AA2A29E9DF76003B71C9 /* Joke.swift */; };
		8136AA3029EE120C003B71C9 /* NetworkService.swift in Sources */ = {isa = PBXBuildFile; fileRef = 8136AA2F29EE120C003B71C9 /* NetworkService.swift */; };
		8136AA5C29EEC974003B71C9 /* Blackbird in Frameworks */ = {isa = PBXBuildFile; productRef = 8136AA5B29EEC974003B71C9 /* Blackbird */; };
		8136AA5E29EF9F37003B71C9 /* db.sqlite in Resources */ = {isa = PBXBuildFile; fileRef = 8136AA5D29EF9F37003B71C9 /* db.sqlite */; };
		8136AA6129EFA078003B71C9 /* AppDatabase.swift in Sources */ = {isa = PBXBuildFile; fileRef = 8136AA6029EFA078003B71C9 /* AppDatabase.swift */; };
		8136AA6329EFA186003B71C9 /* FavouritesView.swift in Sources */ = {isa = PBXBuildFile; fileRef = 8136AA6229EFA186003B71C9 /* FavouritesView.swift */; };
		81EBC05329E9D4320025BF54 /* JokesApp.swift in Sources */ = {isa = PBXBuildFile; fileRef = 81EBC05229E9D4320025BF54 /* JokesApp.swift */; };
		81EBC05729E9D4330025BF54 /* Assets.xcassets in Resources */ = {isa = PBXBuildFile; fileRef = 81EBC05629E9D4330025BF54 /* Assets.xcassets */; };
		81EBC05A29E9D4340025BF54 /* Preview Assets.xcassets in Resources */ = {isa = PBXBuildFile; fileRef = 81EBC05929E9D4340025BF54 /* Preview Assets.xcassets */; };
		81EBC06229E9D4880025BF54 /* JokeView.swift in Sources */ = {isa = PBXBuildFile; fileRef = 81EBC06129E9D4880025BF54 /* JokeView.swift */; };
/* End PBXBuildFile section */

/* Begin PBXFileReference section */
		8136AA2A29E9DF76003B71C9 /* Joke.swift */ = {isa = PBXFileReference; lastKnownFileType = sourcecode.swift; path = Joke.swift; sourceTree = "<group>"; };
		8136AA2F29EE120C003B71C9 /* NetworkService.swift */ = {isa = PBXFileReference; lastKnownFileType = sourcecode.swift; path = NetworkService.swift; sourceTree = "<group>"; };
		8136AA5D29EF9F37003B71C9 /* db.sqlite */ = {isa = PBXFileReference; lastKnownFileType = file; name = db.sqlite; path = ../../../../../Downloads/db.sqlite; sourceTree = "<group>"; };
		8136AA6029EFA078003B71C9 /* AppDatabase.swift */ = {isa = PBXFileReference; lastKnownFileType = sourcecode.swift; path = AppDatabase.swift; sourceTree = "<group>"; };
		8136AA6229EFA186003B71C9 /* FavouritesView.swift */ = {isa = PBXFileReference; lastKnownFileType = sourcecode.swift; path = FavouritesView.swift; sourceTree = "<group>"; };
		81EBC04F29E9D4320025BF54 /* Jokes.app */ = {isa = PBXFileReference; explicitFileType = wrapper.application; includeInIndex = 0; path = Jokes.app; sourceTree = BUILT_PRODUCTS_DIR; };
		81EBC05229E9D4320025BF54 /* JokesApp.swift */ = {isa = PBXFileReference; lastKnownFileType = sourcecode.swift; path = JokesApp.swift; sourceTree = "<group>"; };
		81EBC05629E9D4330025BF54 /* Assets.xcassets */ = {isa = PBXFileReference; lastKnownFileType = folder.assetcatalog; path = Assets.xcassets; sourceTree = "<group>"; };
		81EBC05929E9D4340025BF54 /* Preview Assets.xcassets */ = {isa = PBXFileReference; lastKnownFileType = folder.assetcatalog; path = "Preview Assets.xcassets"; sourceTree = "<group>"; };
		81EBC06129E9D4880025BF54 /* JokeView.swift */ = {isa = PBXFileReference; lastKnownFileType = sourcecode.swift; path = JokeView.swift; sourceTree = "<group>"; };
/* End PBXFileReference section */

/* Begin PBXFrameworksBuildPhase section */
		81EBC04C29E9D4320025BF54 /* Frameworks */ = {
			isa = PBXFrameworksBuildPhase;
			buildActionMask = 2147483647;
			files = (
				8136AA5C29EEC974003B71C9 /* Blackbird in Frameworks */,
			);
			runOnlyForDeploymentPostprocessing = 0;
		};
/* End PBXFrameworksBuildPhase section */

/* Begin PBXGroup section */
		8136AA2929E9DF59003B71C9 /* Model */ = {
			isa = PBXGroup;
			children = (
				8136AA5D29EF9F37003B71C9 /* db.sqlite */,
				8136AA2A29E9DF76003B71C9 /* Joke.swift */,
				8136AA2C29EE10E3003B71C9 /* Services */,
			);
			path = Model;
			sourceTree = "<group>";
		};
		8136AA2C29EE10E3003B71C9 /* Services */ = {
			isa = PBXGroup;
			children = (
				8136AA2F29EE120C003B71C9 /* NetworkService.swift */,
			);
			path = Services;
			sourceTree = "<group>";
		};
		8136AA5F29EFA044003B71C9 /* Helpers */ = {
			isa = PBXGroup;
			children = (
				8136AA6029EFA078003B71C9 /* AppDatabase.swift */,
			);
			path = Helpers;
			sourceTree = "<group>";
		};
		81EBC04629E9D4320025BF54 = {
			isa = PBXGroup;
			children = (
				81EBC05129E9D4320025BF54 /* Jokes */,
				81EBC05029E9D4320025BF54 /* Products */,
			);
			sourceTree = "<group>";
		};
		81EBC05029E9D4320025BF54 /* Products */ = {
			isa = PBXGroup;
			children = (
				81EBC04F29E9D4320025BF54 /* Jokes.app */,
			);
			name = Products;
			sourceTree = "<group>";
		};
		81EBC05129E9D4320025BF54 /* Jokes */ = {
			isa = PBXGroup;
			children = (
				81EBC05229E9D4320025BF54 /* JokesApp.swift */,
				81EBC06029E9D46F0025BF54 /* Views */,
				8136AA2929E9DF59003B71C9 /* Model */,
				8136AA5F29EFA044003B71C9 /* Helpers */,
				81EBC05629E9D4330025BF54 /* Assets.xcassets */,
				81EBC05829E9D4340025BF54 /* Preview Content */,
			);
			path = Jokes;
			sourceTree = "<group>";
		};
		81EBC05829E9D4340025BF54 /* Preview Content */ = {
			isa = PBXGroup;
			children = (
				81EBC05929E9D4340025BF54 /* Preview Assets.xcassets */,
			);
			path = "Preview Content";
			sourceTree = "<group>";
		};
		81EBC06029E9D46F0025BF54 /* Views */ = {
			isa = PBXGroup;
			children = (
				81EBC06129E9D4880025BF54 /* JokeView.swift */,
				8136AA6229EFA186003B71C9 /* FavouritesView.swift */,
			);
			path = Views;
			sourceTree = "<group>";
		};
/* End PBXGroup section */

/* Begin PBXNativeTarget section */
		81EBC04E29E9D4320025BF54 /* Jokes */ = {
			isa = PBXNativeTarget;
			buildConfigurationList = 81EBC05D29E9D4340025BF54 /* Build configuration list for PBXNativeTarget "Jokes" */;
			buildPhases = (
				81EBC04B29E9D4320025BF54 /* Sources */,
				81EBC04C29E9D4320025BF54 /* Frameworks */,
				81EBC04D29E9D4320025BF54 /* Resources */,
			);
			buildRules = (
			);
			dependencies = (
			);
			name = Jokes;
			packageProductDependencies = (
				8136AA5B29EEC974003B71C9 /* Blackbird */,
			);
			productName = Jokes;
			productReference = 81EBC04F29E9D4320025BF54 /* Jokes.app */;
			productType = "com.apple.product-type.application";
		};
/* End PBXNativeTarget section */

/* Begin PBXProject section */
		81EBC04729E9D4320025BF54 /* Project object */ = {
			isa = PBXProject;
			attributes = {
				BuildIndependentTargetsInParallel = 1;
				LastSwiftUpdateCheck = 1420;
				LastUpgradeCheck = 1420;
				TargetAttributes = {
					81EBC04E29E9D4320025BF54 = {
						CreatedOnToolsVersion = 14.2;
					};
				};
			};
			buildConfigurationList = 81EBC04A29E9D4320025BF54 /* Build configuration list for PBXProject "Jokes" */;
			compatibilityVersion = "Xcode 14.0";
			developmentRegion = en;
			hasScannedForEncodings = 0;
			knownRegions = (
				en,
				Base,
			);
			mainGroup = 81EBC04629E9D4320025BF54;
			packageReferences = (
				8136AA5A29EEC973003B71C9 /* XCRemoteSwiftPackageReference "Blackbird" */,
			);
			productRefGroup = 81EBC05029E9D4320025BF54 /* Products */;
			projectDirPath = "";
			projectRoot = "";
			targets = (
				81EBC04E29E9D4320025BF54 /* Jokes */,
			);
		};
/* End PBXProject section */

/* Begin PBXResourcesBuildPhase section */
		81EBC04D29E9D4320025BF54 /* Resources */ = {
			isa = PBXResourcesBuildPhase;
			buildActionMask = 2147483647;
			files = (
				81EBC05A29E9D4340025BF54 /* Preview Assets.xcassets in Resources */,
				8136AA5E29EF9F37003B71C9 /* db.sqlite in Resources */,
				81EBC05729E9D4330025BF54 /* Assets.xcassets in Resources */,
			);
			runOnlyForDeploymentPostprocessing = 0;
		};
/* End PBXResourcesBuildPhase section */

/* Begin PBXSourcesBuildPhase section */
		81EBC04B29E9D4320025BF54 /* Sources */ = {
			isa = PBXSourcesBuildPhase;
			buildActionMask = 2147483647;
			files = (
				81EBC05329E9D4320025BF54 /* JokesApp.swift in Sources */,
				81EBC06229E9D4880025BF54 /* JokeView.swift in Sources */,
				8136AA6129EFA078003B71C9 /* AppDatabase.swift in Sources */,
				8136AA3029EE120C003B71C9 /* NetworkService.swift in Sources */,
				8136AA6329EFA186003B71C9 /* FavouritesView.swift in Sources */,
				8136AA2B29E9DF76003B71C9 /* Joke.swift in Sources */,
			);
			runOnlyForDeploymentPostprocessing = 0;
		};
/* End PBXSourcesBuildPhase section */

/* Begin XCBuildConfiguration section */
		81EBC05B29E9D4340025BF54 /* Debug */ = {
			isa = XCBuildConfiguration;
			buildSettings = {
				ALWAYS_SEARCH_USER_PATHS = NO;
				CLANG_ANALYZER_NONNULL = YES;
				CLANG_ANALYZER_NUMBER_OBJECT_CONVERSION = YES_AGGRESSIVE;
				CLANG_CXX_LANGUAGE_STANDARD = "gnu++20";
				CLANG_ENABLE_MODULES = YES;
				CLANG_ENABLE_OBJC_ARC = YES;
				CLANG_ENABLE_OBJC_WEAK = YES;
				CLANG_WARN_BLOCK_CAPTURE_AUTORELEASING = YES;
				CLANG_WARN_BOOL_CONVERSION = YES;
				CLANG_WARN_COMMA = YES;
				CLANG_WARN_CONSTANT_CONVERSION = YES;
				CLANG_WARN_DEPRECATED_OBJC_IMPLEMENTATIONS = YES;
				CLANG_WARN_DIRECT_OBJC_ISA_USAGE = YES_ERROR;
				CLANG_WARN_DOCUMENTATION_COMMENTS = YES;
				CLANG_WARN_EMPTY_BODY = YES;
				CLANG_WARN_ENUM_CONVERSION = YES;
				CLANG_WARN_INFINITE_RECURSION = YES;
				CLANG_WARN_INT_CONVERSION = YES;
				CLANG_WARN_NON_LITERAL_NULL_CONVERSION = YES;
				CLANG_WARN_OBJC_IMPLICIT_RETAIN_SELF = YES;
				CLANG_WARN_OBJC_LITERAL_CONVERSION = YES;
				CLANG_WARN_OBJC_ROOT_CLASS = YES_ERROR;
				CLANG_WARN_QUOTED_INCLUDE_IN_FRAMEWORK_HEADER = YES;
				CLANG_WARN_RANGE_LOOP_ANALYSIS = YES;
				CLANG_WARN_STRICT_PROTOTYPES = YES;
				CLANG_WARN_SUSPICIOUS_MOVE = YES;
				CLANG_WARN_UNGUARDED_AVAILABILITY = YES_AGGRESSIVE;
				CLANG_WARN_UNREACHABLE_CODE = YES;
				CLANG_WARN__DUPLICATE_METHOD_MATCH = YES;
				COPY_PHASE_STRIP = NO;
				DEBUG_INFORMATION_FORMAT = dwarf;
				ENABLE_STRICT_OBJC_MSGSEND = YES;
				ENABLE_TESTABILITY = YES;
				GCC_C_LANGUAGE_STANDARD = gnu11;
				GCC_DYNAMIC_NO_PIC = NO;
				GCC_NO_COMMON_BLOCKS = YES;
				GCC_OPTIMIZATION_LEVEL = 0;
				GCC_PREPROCESSOR_DEFINITIONS = (
					"DEBUG=1",
					"$(inherited)",
				);
				GCC_WARN_64_TO_32_BIT_CONVERSION = YES;
				GCC_WARN_ABOUT_RETURN_TYPE = YES_ERROR;
				GCC_WARN_UNDECLARED_SELECTOR = YES;
				GCC_WARN_UNINITIALIZED_AUTOS = YES_AGGRESSIVE;
				GCC_WARN_UNUSED_FUNCTION = YES;
				GCC_WARN_UNUSED_VARIABLE = YES;
				IPHONEOS_DEPLOYMENT_TARGET = 16.2;
				MTL_ENABLE_DEBUG_INFO = INCLUDE_SOURCE;
				MTL_FAST_MATH = YES;
				ONLY_ACTIVE_ARCH = YES;
				SDKROOT = iphoneos;
				SWIFT_ACTIVE_COMPILATION_CONDITIONS = DEBUG;
				SWIFT_OPTIMIZATION_LEVEL = "-Onone";
			};
			name = Debug;
		};
		81EBC05C29E9D4340025BF54 /* Release */ = {
			isa = XCBuildConfiguration;
			buildSettings = {
				ALWAYS_SEARCH_USER_PATHS = NO;
				CLANG_ANALYZER_NONNULL = YES;
				CLANG_ANALYZER_NUMBER_OBJECT_CONVERSION = YES_AGGRESSIVE;
				CLANG_CXX_LANGUAGE_STANDARD = "gnu++20";
				CLANG_ENABLE_MODULES = YES;
				CLANG_ENABLE_OBJC_ARC = YES;
				CLANG_ENABLE_OBJC_WEAK = YES;
				CLANG_WARN_BLOCK_CAPTURE_AUTORELEASING = YES;
				CLANG_WARN_BOOL_CONVERSION = YES;
				CLANG_WARN_COMMA = YES;
				CLANG_WARN_CONSTANT_CONVERSION = YES;
				CLANG_WARN_DEPRECATED_OBJC_IMPLEMENTATIONS = YES;
				CLANG_WARN_DIRECT_OBJC_ISA_USAGE = YES_ERROR;
				CLANG_WARN_DOCUMENTATION_COMMENTS = YES;
				CLANG_WARN_EMPTY_BODY = YES;
				CLANG_WARN_ENUM_CONVERSION = YES;
				CLANG_WARN_INFINITE_RECURSION = YES;
				CLANG_WARN_INT_CONVERSION = YES;
				CLANG_WARN_NON_LITERAL_NULL_CONVERSION = YES;
				CLANG_WARN_OBJC_IMPLICIT_RETAIN_SELF = YES;
				CLANG_WARN_OBJC_LITERAL_CONVERSION = YES;
				CLANG_WARN_OBJC_ROOT_CLASS = YES_ERROR;
				CLANG_WARN_QUOTED_INCLUDE_IN_FRAMEWORK_HEADER = YES;
				CLANG_WARN_RANGE_LOOP_ANALYSIS = YES;
				CLANG_WARN_STRICT_PROTOTYPES = YES;
				CLANG_WARN_SUSPICIOUS_MOVE = YES;
				CLANG_WARN_UNGUARDED_AVAILABILITY = YES_AGGRESSIVE;
				CLANG_WARN_UNREACHABLE_CODE = YES;
				CLANG_WARN__DUPLICATE_METHOD_MATCH = YES;
				COPY_PHASE_STRIP = NO;
				DEBUG_INFORMATION_FORMAT = "dwarf-with-dsym";
				ENABLE_NS_ASSERTIONS = NO;
				ENABLE_STRICT_OBJC_MSGSEND = YES;
				GCC_C_LANGUAGE_STANDARD = gnu11;
				GCC_NO_COMMON_BLOCKS = YES;
				GCC_WARN_64_TO_32_BIT_CONVERSION = YES;
				GCC_WARN_ABOUT_RETURN_TYPE = YES_ERROR;
				GCC_WARN_UNDECLARED_SELECTOR = YES;
				GCC_WARN_UNINITIALIZED_AUTOS = YES_AGGRESSIVE;
				GCC_WARN_UNUSED_FUNCTION = YES;
				GCC_WARN_UNUSED_VARIABLE = YES;
				IPHONEOS_DEPLOYMENT_TARGET = 16.2;
				MTL_ENABLE_DEBUG_INFO = NO;
				MTL_FAST_MATH = YES;
				SDKROOT = iphoneos;
				SWIFT_COMPILATION_MODE = wholemodule;
				SWIFT_OPTIMIZATION_LEVEL = "-O";
				VALIDATE_PRODUCT = YES;
			};
			name = Release;
		};
		81EBC05E29E9D4340025BF54 /* Debug */ = {
			isa = XCBuildConfiguration;
			buildSettings = {
				ASSETCATALOG_COMPILER_APPICON_NAME = AppIcon;
				ASSETCATALOG_COMPILER_GLOBAL_ACCENT_COLOR_NAME = AccentColor;
				CODE_SIGN_STYLE = Automatic;
				CURRENT_PROJECT_VERSION = 1;
				DEVELOPMENT_ASSET_PATHS = "\"Jokes/Preview Content\"";
				ENABLE_PREVIEWS = YES;
				GENERATE_INFOPLIST_FILE = YES;
				INFOPLIST_KEY_UIApplicationSceneManifest_Generation = YES;
				INFOPLIST_KEY_UIApplicationSupportsIndirectInputEvents = YES;
				INFOPLIST_KEY_UILaunchScreen_Generation = YES;
				INFOPLIST_KEY_UISupportedInterfaceOrientations_iPad = "UIInterfaceOrientationPortrait UIInterfaceOrientationPortraitUpsideDown UIInterfaceOrientationLandscapeLeft UIInterfaceOrientationLandscapeRight";
				INFOPLIST_KEY_UISupportedInterfaceOrientations_iPhone = "UIInterfaceOrientationPortrait UIInterfaceOrientationLandscapeLeft UIInterfaceOrientationLandscapeRight";
				LD_RUNPATH_SEARCH_PATHS = (
					"$(inherited)",
					"@executable_path/Frameworks",
				);
				MARKETING_VERSION = 1.0;
				PRODUCT_BUNDLE_IDENTIFIER = ca.oliverfinlayson.Jokes;
				PRODUCT_NAME = "$(TARGET_NAME)";
				SWIFT_EMIT_LOC_STRINGS = YES;
				SWIFT_VERSION = 5.0;
				TARGETED_DEVICE_FAMILY = "1,2";
			};
			name = Debug;
		};
		81EBC05F29E9D4340025BF54 /* Release */ = {
			isa = XCBuildConfiguration;
			buildSettings = {
				ASSETCATALOG_COMPILER_APPICON_NAME = AppIcon;
				ASSETCATALOG_COMPILER_GLOBAL_ACCENT_COLOR_NAME = AccentColor;
				CODE_SIGN_STYLE = Automatic;
				CURRENT_PROJECT_VERSION = 1;
				DEVELOPMENT_ASSET_PATHS = "\"Jokes/Preview Content\"";
				ENABLE_PREVIEWS = YES;
				GENERATE_INFOPLIST_FILE = YES;
				INFOPLIST_KEY_UIApplicationSceneManifest_Generation = YES;
				INFOPLIST_KEY_UIApplicationSupportsIndirectInputEvents = YES;
				INFOPLIST_KEY_UILaunchScreen_Generation = YES;
				INFOPLIST_KEY_UISupportedInterfaceOrientations_iPad = "UIInterfaceOrientationPortrait UIInterfaceOrientationPortraitUpsideDown UIInterfaceOrientationLandscapeLeft UIInterfaceOrientationLandscapeRight";
				INFOPLIST_KEY_UISupportedInterfaceOrientations_iPhone = "UIInterfaceOrientationPortrait UIInterfaceOrientationLandscapeLeft UIInterfaceOrientationLandscapeRight";
				LD_RUNPATH_SEARCH_PATHS = (
					"$(inherited)",
					"@executable_path/Frameworks",
				);
				MARKETING_VERSION = 1.0;
				PRODUCT_BUNDLE_IDENTIFIER = ca.oliverfinlayson.Jokes;
				PRODUCT_NAME = "$(TARGET_NAME)";
				SWIFT_EMIT_LOC_STRINGS = YES;
				SWIFT_VERSION = 5.0;
				TARGETED_DEVICE_FAMILY = "1,2";
			};
			name = Release;
		};
/* End XCBuildConfiguration section */

/* Begin XCConfigurationList section */
		81EBC04A29E9D4320025BF54 /* Build configuration list for PBXProject "Jokes" */ = {
			isa = XCConfigurationList;
			buildConfigurations = (
				81EBC05B29E9D4340025BF54 /* Debug */,
				81EBC05C29E9D4340025BF54 /* Release */,
			);
			defaultConfigurationIsVisible = 0;
			defaultConfigurationName = Release;
		};
		81EBC05D29E9D4340025BF54 /* Build configuration list for PBXNativeTarget "Jokes" */ = {
			isa = XCConfigurationList;
			buildConfigurations = (
				81EBC05E29E9D4340025BF54 /* Debug */,
				81EBC05F29E9D4340025BF54 /* Release */,
			);
			defaultConfigurationIsVisible = 0;
			defaultConfigurationName = Release;
		};
/* End XCConfigurationList section */

/* Begin XCRemoteSwiftPackageReference section */
		8136AA5A29EEC973003B71C9 /* XCRemoteSwiftPackageReference "Blackbird" */ = {
			isa = XCRemoteSwiftPackageReference;
			repositoryURL = "https://github.com/marcoarment/Blackbird";
			requirement = {
				branch = main;
				kind = branch;
			};
		};
/* End XCRemoteSwiftPackageReference section */

/* Begin XCSwiftPackageProductDependency section */
		8136AA5B29EEC974003B71C9 /* Blackbird */ = {
			isa = XCSwiftPackageProductDependency;
			package = 8136AA5A29EEC973003B71C9 /* XCRemoteSwiftPackageReference "Blackbird" */;
			productName = Blackbird;
		};
/* End XCSwiftPackageProductDependency section */
	};
	rootObject = 81EBC04729E9D4320025BF54 /* Project object */;
}
